{
  "pins" : [
    {
      "identity" : "appmetrica-sdk-ios",
      "kind" : "remoteSourceControl",
      "location" : "https://github.com/appmetrica/appmetrica-sdk-ios",
      "state" : {
        "revision" : "14cf3e47be3b4d04a2ee450b12537ff7905cf7e1",
        "version" : "5.8.2"
      }
    },
    {
      "identity" : "divkit-ios",
      "kind" : "remoteSourceControl",
      "location" : "https://github.com/divkit/divkit-ios.git",
      "state" : {
        "revision" : "8c5d43eec1b368e0a470ce082daccbd355a3bfa2",
        "version" : "30.27.0"
      }
    },
    {
      "identity" : "divkit-ios-facade",
      "kind" : "remoteSourceControl",
      "location" : "https://github.com/divkit/divkit-ios-facade",
      "state" : {
        "revision" : "1c0f0503f609b45666e8845211f65f5cfc1af611",
        "version" : "4.5.0"
      }
    },
    {
      "identity" : "kscrash",
      "kind" : "remoteSourceControl",
      "location" : "https://github.com/kstenerud/KSCrash",
      "state" : {
        "revision" : "ec0a132849798ec5630eda5cb7d6ff226e50ec87",
        "version" : "2.0.0"
      }
    },
    {
      "identity" : "swift-cmark",
      "kind" : "remoteSourceControl",
      "location" : "https://github.com/apple/swift-cmark.git",
      "state" : {
        "revision" : "3ccff77b2dc5b96b77db3da0d68d28068593fa53",
        "version" : "0.5.0"
      }
    },
    {
      "identity" : "swift-markdown",
      "kind" : "remoteSourceControl",
      "location" : "https://github.com/apple/swift-markdown.git",
      "state" : {
        "revision" : "8f79cb175981458a0a27e76cb42fee8e17b1a993",
        "version" : "0.5.0"
      }
    },
    {
      "identity" : "vgsl",
      "kind" : "remoteSourceControl",
      "location" : "https://github.com/yandex/vgsl.git",
      "state" : {
        "revision" : "a96655822046bc8a90a48b9398bde3d1ace40165",
        "version" : "6.14.2"
      }
    },
    {
      "identity" : "yandex-ads-sdk-ios",
      "kind" : "remoteSourceControl",
      "location" : "https://github.com/yandexmobile/yandex-ads-sdk-ios",
      "state" : {
        "revision" : "8a354c7e4fe384bbbd0a63fdd37242a6a2578bf2",
        "version" : "7.7.0"
      }
    }
  ],
  "version" : 2
}
